{
  "name": "dcl-project",
  "version": "1.0.0",
  "lockfileVersion": 1,
  "requires": true,
  "dependencies": {
    "commander": {
      "version": "2.20.3",
      "resolved": "https://repo.edorasware.com/api/npm/edoras-npm-repo/commander/-/commander-2.20.3.tgz",
      "integrity": "sha1-/UhehMA+tIgcIHIrpIA16FMa6zM=",
      "dev": true
    },
    "decentraland-ecs": {
      "version": "6.4.2",
      "resolved": "https://repo.edorasware.com/api/npm/edoras-npm-repo/decentraland-ecs/-/decentraland-ecs-6.4.2.tgz",
      "integrity": "sha1-mkTUnF9fONm37RS3y6YAxtIKNnc=",
      "dev": true,
      "requires": {
        "typescript": "3.6.4",
        "uglify-js": "3.6.5"
      }
    },
    "source-map": {
      "version": "0.6.1",
      "resolved": "https://repo.edorasware.com/api/npm/edoras-npm-repo/source-map/-/source-map-0.6.1.tgz",
      "integrity": "sha1-dHIq8y6WFOnCh6jQu95IteLxomM=",
      "dev": true
    },
    "typescript": {
      "version": "3.6.4",
      "resolved": "https://repo.edorasware.com/api/npm/edoras-npm-repo/typescript/-/typescript-3.6.4.tgz",
      "integrity": "sha1-sYdSuzeSvBoCgTNff26/G7/FuR0=",
      "dev": true
    },
    "uglify-js": {
      "version": "3.6.5",
      "resolved": "https://repo.edorasware.com/api/npm/edoras-npm-repo/uglify-js/-/uglify-js-3.6.5.tgz",
      "integrity": "sha1-sO55bSrn4lZy4E9lYpuZfNSzC9Y=",
      "dev": true,
      "requires": {
        "commander": "2.20.3",
        "source-map": "0.6.1"
      }
    }
  }
}
